
Microsoft Visual Studio Solution File, Format Version 12.00
# Visual Studio Version 17
VisualStudioVersion = 17.7.34202.233
MinimumVisualStudioVersion = 10.0.40219.1
Project("{FAE04EC0-301F-11D3-BF4B-00C04F79EFBC}") = "AspNetCoreBooksStore", "AspNetCoreBooksStore\AspNetCoreBooksStore.csproj", "{4E08E80A-F0AA-4C3A-851E-33B9C05FDA13}"
EndProject
Global
	GlobalSection(SolutionConfigurationPlatforms) = preSolution
		Debug|Any CPU = Debug|Any CPU
		Release|Any CPU = Release|Any CPU
	EndGlobalSection
	GlobalSection(ProjectConfigurationPlatforms) = postSolution
		{4E08E80A-F0AA-4C3A-851E-33B9C05FDA13}.Debug|Any CPU.ActiveCfg = Debug|Any CPU
		{4E08E80A-F0AA-4C3A-851E-33B9C05FDA13}.Debug|Any CPU.Build.0 = Debug|Any CPU
		{4E08E80A-F0AA-4C3A-851E-33B9C05FDA13}.Release|Any CPU.ActiveCfg = Release|Any CPU
		{4E08E80A-F0AA-4C3A-851E-33B9C05FDA13}.Release|Any CPU.Build.0 = Release|Any CPU
	EndGlobalSection
	GlobalSection(SolutionProperties) = preSolution
		HideSolutionNode = FALSE
	EndGlobalSection
	GlobalSection(ExtensibilityGlobals) = postSolution
		SolutionGuid = {54C01EFB-89A6-417C-846F-C5A9999A45E0}
	EndGlobalSection
EndGlobal
